
Microsoft Visual Studio Solution File, Format Version 12.00
# Visual Studio Version 16
VisualStudioVersion = 16.0.29215.179
MinimumVisualStudioVersion = 10.0.40219.1
Project("{FAE04EC0-301F-11D3-BF4B-00C04F79EFBC}") = "BruteForceBestTableFit", "BruteForceBestTableFit\BruteForceBestTableFit.csproj", "{2A88211F-7553-47F5-A1CF-009E7499EDF9}"
EndProject
Global
	GlobalSection(SolutionConfigurationPlatforms) = preSolution
		Debug|Any CPU = Debug|Any CPU
		Release|Any CPU = Release|Any CPU
	EndGlobalSection
	GlobalSection(ProjectConfigurationPlatforms) = postSolution
		{2A88211F-7553-47F5-A1CF-009E7499EDF9}.Debug|Any CPU.ActiveCfg = Debug|Any CPU
		{2A88211F-7553-47F5-A1CF-009E7499EDF9}.Debug|Any CPU.Build.0 = Debug|Any CPU
		{2A88211F-7553-47F5-A1CF-009E7499EDF9}.Release|Any CPU.ActiveCfg = Release|Any CPU
		{2A88211F-7553-47F5-A1CF-009E7499EDF9}.Release|Any CPU.Build.0 = Release|Any CPU
	EndGlobalSection
	GlobalSection(SolutionProperties) = preSolution
		HideSolutionNode = FALSE
	EndGlobalSection
	GlobalSection(ExtensibilityGlobals) = postSolution
		SolutionGuid = {2E58F812-D4C2-4C78-B334-28FD57EC86CF}
	EndGlobalSection
EndGlobal
